
Microsoft Visual Studio Solution File, Format Version 12.00
# Visual Studio Version 18
VisualStudioVersion = 18.4.11612.150
MinimumVisualStudioVersion = 10.0.40219.1
Project("{FAE04EC0-301F-11D3-BF4B-00C04F79EFBC}") = "SistemaGerenciamentoEstoque", "SistemaGerenciamentoEstoque.csproj", "{3E937E45-D969-C94A-BC8D-8DB16A3BF628}"
EndProject
Global
	GlobalSection(SolutionConfigurationPlatforms) = preSolution
		Debug|Any CPU = Debug|Any CPU
		Release|Any CPU = Release|Any CPU
	EndGlobalSection
	GlobalSection(ProjectConfigurationPlatforms) = postSolution
		{3E937E45-D969-C94A-BC8D-8DB16A3BF628}.Debug|Any CPU.ActiveCfg = Debug|Any CPU
		{3E937E45-D969-C94A-BC8D-8DB16A3BF628}.Debug|Any CPU.Build.0 = Debug|Any CPU
		{3E937E45-D969-C94A-BC8D-8DB16A3BF628}.Release|Any CPU.ActiveCfg = Release|Any CPU
		{3E937E45-D969-C94A-BC8D-8DB16A3BF628}.Release|Any CPU.Build.0 = Release|Any CPU
	EndGlobalSection
	GlobalSection(SolutionProperties) = preSolution
		HideSolutionNode = FALSE
	EndGlobalSection
	GlobalSection(ExtensibilityGlobals) = postSolution
		SolutionGuid = {100319AC-D731-4593-9871-EFCD0D30E72E}
	EndGlobalSection
EndGlobal
